
Microsoft Visual Studio Solution File, Format Version 12.00
# Visual Studio Version 17
VisualStudioVersion = 17.8.34330.188
MinimumVisualStudioVersion = 10.0.40219.1
Project("{FAE04EC0-301F-11D3-BF4B-00C04F79EFBC}") = "NicerTeleporters", "NicerTeleporters\NicerTeleporters.csproj", "{70CB27B0-8DE2-449B-9992-AADCD6903262}"
EndProject
Global
	GlobalSection(SolutionConfigurationPlatforms) = preSolution
		Debug|Any CPU = Debug|Any CPU
		Release|Any CPU = Release|Any CPU
	EndGlobalSection
	GlobalSection(ProjectConfigurationPlatforms) = postSolution
		{70CB27B0-8DE2-449B-9992-AADCD6903262}.Debug|Any CPU.ActiveCfg = Debug|Any CPU
		{70CB27B0-8DE2-449B-9992-AADCD6903262}.Debug|Any CPU.Build.0 = Debug|Any CPU
		{70CB27B0-8DE2-449B-9992-AADCD6903262}.Release|Any CPU.ActiveCfg = Release|Any CPU
		{70CB27B0-8DE2-449B-9992-AADCD6903262}.Release|Any CPU.Build.0 = Release|Any CPU
	EndGlobalSection
	GlobalSection(SolutionProperties) = preSolution
		HideSolutionNode = FALSE
	EndGlobalSection
	GlobalSection(ExtensibilityGlobals) = postSolution
		SolutionGuid = {D0E1EFAD-041B-42C0-A1D3-D38A13AE7245}
	EndGlobalSection
EndGlobal
